
Microsoft Visual Studio Solution File, Format Version 12.00
# Visual Studio Version 17
VisualStudioVersion = 17.3.32819.101
MinimumVisualStudioVersion = 10.0.40219.1
Project("{FAE04EC0-301F-11D3-BF4B-00C04F79EFBC}") = "GenericList", "GenericList\GenericList.csproj", "{B6755C1D-B4D1-4A40-997B-DF4BC5ACB055}"
EndProject
Global
	GlobalSection(SolutionConfigurationPlatforms) = preSolution
		Debug|Any CPU = Debug|Any CPU
		Release|Any CPU = Release|Any CPU
	EndGlobalSection
	GlobalSection(ProjectConfigurationPlatforms) = postSolution
		{B6755C1D-B4D1-4A40-997B-DF4BC5ACB055}.Debug|Any CPU.ActiveCfg = Debug|Any CPU
		{B6755C1D-B4D1-4A40-997B-DF4BC5ACB055}.Debug|Any CPU.Build.0 = Debug|Any CPU
		{B6755C1D-B4D1-4A40-997B-DF4BC5ACB055}.Release|Any CPU.ActiveCfg = Release|Any CPU
		{B6755C1D-B4D1-4A40-997B-DF4BC5ACB055}.Release|Any CPU.Build.0 = Release|Any CPU
	EndGlobalSection
	GlobalSection(SolutionProperties) = preSolution
		HideSolutionNode = FALSE
	EndGlobalSection
	GlobalSection(ExtensibilityGlobals) = postSolution
		SolutionGuid = {DF78AB2E-0295-46FF-9288-1A5348874161}
	EndGlobalSection
EndGlobal
